// !$*UTF8*$!
{
	archiveVersion = 1;
	classes = {
	};
	objectVersion = 56;
	objects = {

/* Begin PBXBuildFile section */
		A130AC182A790530002FC75D /* LessApp.swift in Sources */ = {isa = PBXBuildFile; fileRef = A130AC172A790530002FC75D /* LessApp.swift */; };
		A130AC1C2A790532002FC75D /* Assets.xcassets in Resources */ = {isa = PBXBuildFile; fileRef = A130AC1B2A790532002FC75D /* Assets.xcassets */; };
		A130AC1F2A790532002FC75D /* Preview Assets.xcassets in Resources */ = {isa = PBXBuildFile; fileRef = A130AC1E2A790532002FC75D /* Preview Assets.xcassets */; };
		A130AC262A790797002FC75D /* GoogleService-Info.plist in Resources */ = {isa = PBXBuildFile; fileRef = A130AC252A790797002FC75D /* GoogleService-Info.plist */; };
		A130AC332A790BAB002FC75D /* WelcomeScreen.swift in Sources */ = {isa = PBXBuildFile; fileRef = A130AC322A790BAB002FC75D /* WelcomeScreen.swift */; };
		A130AC352A79178D002FC75D /* HomeScreen.swift in Sources */ = {isa = PBXBuildFile; fileRef = A130AC342A79178D002FC75D /* HomeScreen.swift */; };
		A130AC372A79179F002FC75D /* LogInScreen.swift in Sources */ = {isa = PBXBuildFile; fileRef = A130AC362A79179F002FC75D /* LogInScreen.swift */; };
		A130AC392A791858002FC75D /* AuthViewModel.swift in Sources */ = {isa = PBXBuildFile; fileRef = A130AC382A791858002FC75D /* AuthViewModel.swift */; };
		A130AC3B2A791CED002FC75D /* SignUpScreen.swift in Sources */ = {isa = PBXBuildFile; fileRef = A130AC3A2A791CED002FC75D /* SignUpScreen.swift */; };
		A155EA862A82000700F4DD87 /* DBViewModel.swift in Sources */ = {isa = PBXBuildFile; fileRef = A155EA852A82000700F4DD87 /* DBViewModel.swift */; };
		A155EAB42A820DA700F4DD87 /* DeclutteringTasks.swift in Sources */ = {isa = PBXBuildFile; fileRef = A155EAB32A820DA700F4DD87 /* DeclutteringTasks.swift */; };
		A155EAB62A82104800F4DD87 /* DeclutteringToDoList.swift in Sources */ = {isa = PBXBuildFile; fileRef = A155EAB52A82104800F4DD87 /* DeclutteringToDoList.swift */; };
		A155EADB2A82163D00F4DD87 /* FirebaseAuth in Frameworks */ = {isa = PBXBuildFile; productRef = A155EADA2A82163D00F4DD87 /* FirebaseAuth */; };
		A1C82EC52A8216CB00701E4B /* FirebaseFirestoreSwift in Frameworks */ = {isa = PBXBuildFile; productRef = A1C82EC42A8216CB00701E4B /* FirebaseFirestoreSwift */; };
		A1CB72452A8DE6090066D387 /* MinimalismChallengeView.swift in Sources */ = {isa = PBXBuildFile; fileRef = A1CB72442A8DE6090066D387 /* MinimalismChallengeView.swift */; };
		A1CB72472A8DE6D40066D387 /* AboutMinimalismView.swift in Sources */ = {isa = PBXBuildFile; fileRef = A1CB72462A8DE6D40066D387 /* AboutMinimalismView.swift */; };
		A1ECF94F2A85129F000331DE /* AddTaskView.swift in Sources */ = {isa = PBXBuildFile; fileRef = A1ECF94E2A85129F000331DE /* AddTaskView.swift */; };
		A1ECF9572A863EC1000331DE /* EditTaskView.swift in Sources */ = {isa = PBXBuildFile; fileRef = A1ECF9562A863EC1000331DE /* EditTaskView.swift */; };
/* End PBXBuildFile section */

/* Begin PBXFileReference section */
		A130AC142A790530002FC75D /* Less.app */ = {isa = PBXFileReference; explicitFileType = wrapper.application; includeInIndex = 0; path = Less.app; sourceTree = BUILT_PRODUCTS_DIR; };
		A130AC172A790530002FC75D /* LessApp.swift */ = {isa = PBXFileReference; lastKnownFileType = sourcecode.swift; path = LessApp.swift; sourceTree = "<group>"; };
		A130AC1B2A790532002FC75D /* Assets.xcassets */ = {isa = PBXFileReference; lastKnownFileType = folder.assetcatalog; path = Assets.xcassets; sourceTree = "<group>"; };
		A130AC1E2A790532002FC75D /* Preview Assets.xcassets */ = {isa = PBXFileReference; lastKnownFileType = folder.assetcatalog; path = "Preview Assets.xcassets"; sourceTree = "<group>"; };
		A130AC252A790797002FC75D /* GoogleService-Info.plist */ = {isa = PBXFileReference; fileEncoding = 4; lastKnownFileType = text.plist.xml; path = "GoogleService-Info.plist"; sourceTree = "<group>"; };
		A130AC322A790BAB002FC75D /* WelcomeScreen.swift */ = {isa = PBXFileReference; lastKnownFileType = sourcecode.swift; path = WelcomeScreen.swift; sourceTree = "<group>"; };
		A130AC342A79178D002FC75D /* HomeScreen.swift */ = {isa = PBXFileReference; lastKnownFileType = sourcecode.swift; path = HomeScreen.swift; sourceTree = "<group>"; };
		A130AC362A79179F002FC75D /* LogInScreen.swift */ = {isa = PBXFileReference; lastKnownFileType = sourcecode.swift; path = LogInScreen.swift; sourceTree = "<group>"; };
		A130AC382A791858002FC75D /* AuthViewModel.swift */ = {isa = PBXFileReference; lastKnownFileType = sourcecode.swift; path = AuthViewModel.swift; sourceTree = "<group>"; };
		A130AC3A2A791CED002FC75D /* SignUpScreen.swift */ = {isa = PBXFileReference; lastKnownFileType = sourcecode.swift; path = SignUpScreen.swift; sourceTree = "<group>"; };
		A155EA852A82000700F4DD87 /* DBViewModel.swift */ = {isa = PBXFileReference; lastKnownFileType = sourcecode.swift; path = DBViewModel.swift; sourceTree = "<group>"; };
		A155EAB32A820DA700F4DD87 /* DeclutteringTasks.swift */ = {isa = PBXFileReference; lastKnownFileType = sourcecode.swift; path = DeclutteringTasks.swift; sourceTree = "<group>"; };
		A155EAB52A82104800F4DD87 /* DeclutteringToDoList.swift */ = {isa = PBXFileReference; lastKnownFileType = sourcecode.swift; path = DeclutteringToDoList.swift; sourceTree = "<group>"; };
		A1CB72442A8DE6090066D387 /* MinimalismChallengeView.swift */ = {isa = PBXFileReference; lastKnownFileType = sourcecode.swift; path = MinimalismChallengeView.swift; sourceTree = "<group>"; };
		A1CB72462A8DE6D40066D387 /* AboutMinimalismView.swift */ = {isa = PBXFileReference; lastKnownFileType = sourcecode.swift; path = AboutMinimalismView.swift; sourceTree = "<group>"; };
		A1ECF94E2A85129F000331DE /* AddTaskView.swift */ = {isa = PBXFileReference; lastKnownFileType = sourcecode.swift; path = AddTaskView.swift; sourceTree = "<group>"; };
		A1ECF9562A863EC1000331DE /* EditTaskView.swift */ = {isa = PBXFileReference; lastKnownFileType = sourcecode.swift; path = EditTaskView.swift; sourceTree = "<group>"; };
/* End PBXFileReference section */

/* Begin PBXFrameworksBuildPhase section */
		A130AC112A790530002FC75D /* Frameworks */ = {
			isa = PBXFrameworksBuildPhase;
			buildActionMask = 2147483647;
			files = (
				A155EADB2A82163D00F4DD87 /* FirebaseAuth in Frameworks */,
				A1C82EC52A8216CB00701E4B /* FirebaseFirestoreSwift in Frameworks */,
			);
			runOnlyForDeploymentPostprocessing = 0;
		};
/* End PBXFrameworksBuildPhase section */

/* Begin PBXGroup section */
		A130AC0B2A790530002FC75D = {
			isa = PBXGroup;
			children = (
				A130AC162A790530002FC75D /* Less */,
				A130AC152A790530002FC75D /* Products */,
				A1C82EC32A8216CB00701E4B /* Frameworks */,
			);
			sourceTree = "<group>";
		};
		A130AC152A790530002FC75D /* Products */ = {
			isa = PBXGroup;
			children = (
				A130AC142A790530002FC75D /* Less.app */,
			);
			name = Products;
			sourceTree = "<group>";
		};
		A130AC162A790530002FC75D /* Less */ = {
			isa = PBXGroup;
			children = (
				A130AC172A790530002FC75D /* LessApp.swift */,
				A130AC322A790BAB002FC75D /* WelcomeScreen.swift */,
				A130AC382A791858002FC75D /* AuthViewModel.swift */,
				A155EA852A82000700F4DD87 /* DBViewModel.swift */,
				A155EAB32A820DA700F4DD87 /* DeclutteringTasks.swift */,
				A155EAB52A82104800F4DD87 /* DeclutteringToDoList.swift */,
				A1ECF94E2A85129F000331DE /* AddTaskView.swift */,
				A1ECF9562A863EC1000331DE /* EditTaskView.swift */,
				A1CB72442A8DE6090066D387 /* MinimalismChallengeView.swift */,
				A1CB72462A8DE6D40066D387 /* AboutMinimalismView.swift */,
				A130AC342A79178D002FC75D /* HomeScreen.swift */,
				A130AC362A79179F002FC75D /* LogInScreen.swift */,
				A130AC3A2A791CED002FC75D /* SignUpScreen.swift */,
				A130AC1B2A790532002FC75D /* Assets.xcassets */,
				A130AC252A790797002FC75D /* GoogleService-Info.plist */,
				A130AC1D2A790532002FC75D /* Preview Content */,
			);
			path = Less;
			sourceTree = "<group>";
		};
		A130AC1D2A790532002FC75D /* Preview Content */ = {
			isa = PBXGroup;
			children = (
				A130AC1E2A790532002FC75D /* Preview Assets.xcassets */,
			);
			path = "Preview Content";
			sourceTree = "<group>";
		};
		A1C82EC32A8216CB00701E4B /* Frameworks */ = {
			isa = PBXGroup;
			children = (
			);
			name = Frameworks;
			sourceTree = "<group>";
		};
/* End PBXGroup section */

/* Begin PBXNativeTarget section */
		A130AC132A790530002FC75D /* Less */ = {
			isa = PBXNativeTarget;
			buildConfigurationList = A130AC222A790532002FC75D /* Build configuration list for PBXNativeTarget "Less" */;
			buildPhases = (
				A130AC102A790530002FC75D /* Sources */,
				A130AC112A790530002FC75D /* Frameworks */,
				A130AC122A790530002FC75D /* Resources */,
			);
			buildRules = (
			);
			dependencies = (
			);
			name = Less;
			packageProductDependencies = (
				A155EADA2A82163D00F4DD87 /* FirebaseAuth */,
				A1C82EC42A8216CB00701E4B /* FirebaseFirestoreSwift */,
			);
			productName = Less;
			productReference = A130AC142A790530002FC75D /* Less.app */;
			productType = "com.apple.product-type.application";
		};
/* End PBXNativeTarget section */

/* Begin PBXProject section */
		A130AC0C2A790530002FC75D /* Project object */ = {
			isa = PBXProject;
			attributes = {
				BuildIndependentTargetsInParallel = 1;
				LastSwiftUpdateCheck = 1500;
				LastUpgradeCheck = 1500;
				TargetAttributes = {
					A130AC132A790530002FC75D = {
						CreatedOnToolsVersion = 15.0;
					};
				};
			};
			buildConfigurationList = A130AC0F2A790530002FC75D /* Build configuration list for PBXProject "Less" */;
			compatibilityVersion = "Xcode 14.0";
			developmentRegion = en;
			hasScannedForEncodings = 0;
			knownRegions = (
				en,
				Base,
			);
			mainGroup = A130AC0B2A790530002FC75D;
			packageReferences = (
				A155EACD2A82163D00F4DD87 /* XCRemoteSwiftPackageReference "firebase-ios-sdk" */,
			);
			productRefGroup = A130AC152A790530002FC75D /* Products */;
			projectDirPath = "";
			projectRoot = "";
			targets = (
				A130AC132A790530002FC75D /* Less */,
			);
		};
/* End PBXProject section */

/* Begin PBXResourcesBuildPhase section */
		A130AC122A790530002FC75D /* Resources */ = {
			isa = PBXResourcesBuildPhase;
			buildActionMask = 2147483647;
			files = (
				A130AC1F2A790532002FC75D /* Preview Assets.xcassets in Resources */,
				A130AC1C2A790532002FC75D /* Assets.xcassets in Resources */,
				A130AC262A790797002FC75D /* GoogleService-Info.plist in Resources */,
			);
			runOnlyForDeploymentPostprocessing = 0;
		};
/* End PBXResourcesBuildPhase section */

/* Begin PBXSourcesBuildPhase section */
		A130AC102A790530002FC75D /* Sources */ = {
			isa = PBXSourcesBuildPhase;
			buildActionMask = 2147483647;
			files = (
				A155EA862A82000700F4DD87 /* DBViewModel.swift in Sources */,
				A1ECF94F2A85129F000331DE /* AddTaskView.swift in Sources */,
				A130AC392A791858002FC75D /* AuthViewModel.swift in Sources */,
				A1CB72472A8DE6D40066D387 /* AboutMinimalismView.swift in Sources */,
				A130AC352A79178D002FC75D /* HomeScreen.swift in Sources */,
				A130AC372A79179F002FC75D /* LogInScreen.swift in Sources */,
				A130AC332A790BAB002FC75D /* WelcomeScreen.swift in Sources */,
				A155EAB42A820DA700F4DD87 /* DeclutteringTasks.swift in Sources */,
				A1CB72452A8DE6090066D387 /* MinimalismChallengeView.swift in Sources */,
				A1ECF9572A863EC1000331DE /* EditTaskView.swift in Sources */,
				A130AC182A790530002FC75D /* LessApp.swift in Sources */,
				A155EAB62A82104800F4DD87 /* DeclutteringToDoList.swift in Sources */,
				A130AC3B2A791CED002FC75D /* SignUpScreen.swift in Sources */,
			);
			runOnlyForDeploymentPostprocessing = 0;
		};
/* End PBXSourcesBuildPhase section */

/* Begin XCBuildConfiguration section */
		A130AC202A790532002FC75D /* Debug */ = {
			isa = XCBuildConfiguration;
			buildSettings = {
				ALWAYS_SEARCH_USER_PATHS = NO;
				ASSETCATALOG_COMPILER_GENERATE_SWIFT_ASSET_SYMBOL_EXTENSIONS = YES;
				CLANG_ANALYZER_NONNULL = YES;
				CLANG_ANALYZER_NUMBER_OBJECT_CONVERSION = YES_AGGRESSIVE;
				CLANG_CXX_LANGUAGE_STANDARD = "gnu++20";
				CLANG_ENABLE_MODULES = YES;
				CLANG_ENABLE_OBJC_ARC = YES;
				CLANG_ENABLE_OBJC_WEAK = YES;
				CLANG_WARN_BLOCK_CAPTURE_AUTORELEASING = YES;
				CLANG_WARN_BOOL_CONVERSION = YES;
				CLANG_WARN_COMMA = YES;
				CLANG_WARN_CONSTANT_CONVERSION = YES;
				CLANG_WARN_DEPRECATED_OBJC_IMPLEMENTATIONS = YES;
				CLANG_WARN_DIRECT_OBJC_ISA_USAGE = YES_ERROR;
				CLANG_WARN_DOCUMENTATION_COMMENTS = YES;
				CLANG_WARN_EMPTY_BODY = YES;
				CLANG_WARN_ENUM_CONVERSION = YES;
				CLANG_WARN_INFINITE_RECURSION = YES;
				CLANG_WARN_INT_CONVERSION = YES;
				CLANG_WARN_NON_LITERAL_NULL_CONVERSION = YES;
				CLANG_WARN_OBJC_IMPLICIT_RETAIN_SELF = YES;
				CLANG_WARN_OBJC_LITERAL_CONVERSION = YES;
				CLANG_WARN_OBJC_ROOT_CLASS = YES_ERROR;
				CLANG_WARN_QUOTED_INCLUDE_IN_FRAMEWORK_HEADER = YES;
				CLANG_WARN_RANGE_LOOP_ANALYSIS = YES;
				CLANG_WARN_STRICT_PROTOTYPES = YES;
				CLANG_WARN_SUSPICIOUS_MOVE = YES;
				CLANG_WARN_UNGUARDED_AVAILABILITY = YES_AGGRESSIVE;
				CLANG_WARN_UNREACHABLE_CODE = YES;
				CLANG_WARN__DUPLICATE_METHOD_MATCH = YES;
				COPY_PHASE_STRIP = NO;
				DEBUG_INFORMATION_FORMAT = dwarf;
				ENABLE_STRICT_OBJC_MSGSEND = YES;
				ENABLE_TESTABILITY = YES;
				ENABLE_USER_SCRIPT_SANDBOXING = YES;
				GCC_C_LANGUAGE_STANDARD = gnu17;
				GCC_DYNAMIC_NO_PIC = NO;
				GCC_NO_COMMON_BLOCKS = YES;
				GCC_OPTIMIZATION_LEVEL = 0;
				GCC_PREPROCESSOR_DEFINITIONS = (
					"DEBUG=1",
					"$(inherited)",
				);
				GCC_WARN_64_TO_32_BIT_CONVERSION = YES;
				GCC_WARN_ABOUT_RETURN_TYPE = YES_ERROR;
				GCC_WARN_UNDECLARED_SELECTOR = YES;
				GCC_WARN_UNINITIALIZED_AUTOS = YES_AGGRESSIVE;
				GCC_WARN_UNUSED_FUNCTION = YES;
				GCC_WARN_UNUSED_VARIABLE = YES;
				IPHONEOS_DEPLOYMENT_TARGET = 17.0;
				LOCALIZATION_PREFERS_STRING_CATALOGS = YES;
				MTL_ENABLE_DEBUG_INFO = INCLUDE_SOURCE;
				MTL_FAST_MATH = YES;
				ONLY_ACTIVE_ARCH = YES;
				SDKROOT = iphoneos;
				SWIFT_ACTIVE_COMPILATION_CONDITIONS = "DEBUG $(inherited)";
				SWIFT_OPTIMIZATION_LEVEL = "-Onone";
			};
			name = Debug;
		};
		A130AC212A790532002FC75D /* Release */ = {
			isa = XCBuildConfiguration;
			buildSettings = {
				ALWAYS_SEARCH_USER_PATHS = NO;
				ASSETCATALOG_COMPILER_GENERATE_SWIFT_ASSET_SYMBOL_EXTENSIONS = YES;
				CLANG_ANALYZER_NONNULL = YES;
				CLANG_ANALYZER_NUMBER_OBJECT_CONVERSION = YES_AGGRESSIVE;
				CLANG_CXX_LANGUAGE_STANDARD = "gnu++20";
				CLANG_ENABLE_MODULES = YES;
				CLANG_ENABLE_OBJC_ARC = YES;
				CLANG_ENABLE_OBJC_WEAK = YES;
				CLANG_WARN_BLOCK_CAPTURE_AUTORELEASING = YES;
				CLANG_WARN_BOOL_CONVERSION = YES;
				CLANG_WARN_COMMA = YES;
				CLANG_WARN_CONSTANT_CONVERSION = YES;
				CLANG_WARN_DEPRECATED_OBJC_IMPLEMENTATIONS = YES;
				CLANG_WARN_DIRECT_OBJC_ISA_USAGE = YES_ERROR;
				CLANG_WARN_DOCUMENTATION_COMMENTS = YES;
				CLANG_WARN_EMPTY_BODY = YES;
				CLANG_WARN_ENUM_CONVERSION = YES;
				CLANG_WARN_INFINITE_RECURSION = YES;
				CLANG_WARN_INT_CONVERSION = YES;
				CLANG_WARN_NON_LITERAL_NULL_CONVERSION = YES;
				CLANG_WARN_OBJC_IMPLICIT_RETAIN_SELF = YES;
				CLANG_WARN_OBJC_LITERAL_CONVERSION = YES;
				CLANG_WARN_OBJC_ROOT_CLASS = YES_ERROR;
				CLANG_WARN_QUOTED_INCLUDE_IN_FRAMEWORK_HEADER = YES;
				CLANG_WARN_RANGE_LOOP_ANALYSIS = YES;
				CLANG_WARN_STRICT_PROTOTYPES = YES;
				CLANG_WARN_SUSPICIOUS_MOVE = YES;
				CLANG_WARN_UNGUARDED_AVAILABILITY = YES_AGGRESSIVE;
				CLANG_WARN_UNREACHABLE_CODE = YES;
				CLANG_WARN__DUPLICATE_METHOD_MATCH = YES;
				COPY_PHASE_STRIP = NO;
				DEBUG_INFORMATION_FORMAT = "dwarf-with-dsym";
				ENABLE_NS_ASSERTIONS = NO;
				ENABLE_STRICT_OBJC_MSGSEND = YES;
				ENABLE_USER_SCRIPT_SANDBOXING = YES;
				GCC_C_LANGUAGE_STANDARD = gnu17;
				GCC_NO_COMMON_BLOCKS = YES;
				GCC_WARN_64_TO_32_BIT_CONVERSION = YES;
				GCC_WARN_ABOUT_RETURN_TYPE = YES_ERROR;
				GCC_WARN_UNDECLARED_SELECTOR = YES;
				GCC_WARN_UNINITIALIZED_AUTOS = YES_AGGRESSIVE;
				GCC_WARN_UNUSED_FUNCTION = YES;
				GCC_WARN_UNUSED_VARIABLE = YES;
				IPHONEOS_DEPLOYMENT_TARGET = 17.0;
				LOCALIZATION_PREFERS_STRING_CATALOGS = YES;
				MTL_ENABLE_DEBUG_INFO = NO;
				MTL_FAST_MATH = YES;
				SDKROOT = iphoneos;
				SWIFT_COMPILATION_MODE = wholemodule;
				VALIDATE_PRODUCT = YES;
			};
			name = Release;
		};
		A130AC232A790532002FC75D /* Debug */ = {
			isa = XCBuildConfiguration;
			buildSettings = {
				ASSETCATALOG_COMPILER_APPICON_NAME = AppIcon;
				ASSETCATALOG_COMPILER_GLOBAL_ACCENT_COLOR_NAME = AccentColor;
				CODE_SIGN_STYLE = Automatic;
				CURRENT_PROJECT_VERSION = 1;
				DEVELOPMENT_ASSET_PATHS = "\"Less/Preview Content\"";
				ENABLE_PREVIEWS = YES;
				GENERATE_INFOPLIST_FILE = YES;
				INFOPLIST_KEY_UIApplicationSceneManifest_Generation = YES;
				INFOPLIST_KEY_UIApplicationSupportsIndirectInputEvents = YES;
				INFOPLIST_KEY_UILaunchScreen_Generation = YES;
				INFOPLIST_KEY_UISupportedInterfaceOrientations_iPad = "UIInterfaceOrientationPortrait UIInterfaceOrientationPortraitUpsideDown UIInterfaceOrientationLandscapeLeft UIInterfaceOrientationLandscapeRight";
				INFOPLIST_KEY_UISupportedInterfaceOrientations_iPhone = "UIInterfaceOrientationPortrait UIInterfaceOrientationLandscapeLeft UIInterfaceOrientationLandscapeRight";
				LD_RUNPATH_SEARCH_PATHS = (
					"$(inherited)",
					"@executable_path/Frameworks",
				);
				MARKETING_VERSION = 1.0;
				PRODUCT_BUNDLE_IDENTIFIER = com.petya.Less;
				PRODUCT_NAME = "$(TARGET_NAME)";
				SWIFT_EMIT_LOC_STRINGS = YES;
				SWIFT_VERSION = 5.0;
				TARGETED_DEVICE_FAMILY = "1,2";
			};
			name = Debug;
		};
		A130AC242A790532002FC75D /* Release */ = {
			isa = XCBuildConfiguration;
			buildSettings = {
				ASSETCATALOG_COMPILER_APPICON_NAME = AppIcon;
				ASSETCATALOG_COMPILER_GLOBAL_ACCENT_COLOR_NAME = AccentColor;
				CODE_SIGN_STYLE = Automatic;
				CURRENT_PROJECT_VERSION = 1;
				DEVELOPMENT_ASSET_PATHS = "\"Less/Preview Content\"";
				ENABLE_PREVIEWS = YES;
				GENERATE_INFOPLIST_FILE = YES;
				INFOPLIST_KEY_UIApplicationSceneManifest_Generation = YES;
				INFOPLIST_KEY_UIApplicationSupportsIndirectInputEvents = YES;
				INFOPLIST_KEY_UILaunchScreen_Generation = YES;
				INFOPLIST_KEY_UISupportedInterfaceOrientations_iPad = "UIInterfaceOrientationPortrait UIInterfaceOrientationPortraitUpsideDown UIInterfaceOrientationLandscapeLeft UIInterfaceOrientationLandscapeRight";
				INFOPLIST_KEY_UISupportedInterfaceOrientations_iPhone = "UIInterfaceOrientationPortrait UIInterfaceOrientationLandscapeLeft UIInterfaceOrientationLandscapeRight";
				LD_RUNPATH_SEARCH_PATHS = (
					"$(inherited)",
					"@executable_path/Frameworks",
				);
				MARKETING_VERSION = 1.0;
				PRODUCT_BUNDLE_IDENTIFIER = com.petya.Less;
				PRODUCT_NAME = "$(TARGET_NAME)";
				SWIFT_EMIT_LOC_STRINGS = YES;
				SWIFT_VERSION = 5.0;
				TARGETED_DEVICE_FAMILY = "1,2";
			};
			name = Release;
		};
/* End XCBuildConfiguration section */

/* Begin XCConfigurationList section */
		A130AC0F2A790530002FC75D /* Build configuration list for PBXProject "Less" */ = {
			isa = XCConfigurationList;
			buildConfigurations = (
				A130AC202A790532002FC75D /* Debug */,
				A130AC212A790532002FC75D /* Release */,
			);
			defaultConfigurationIsVisible = 0;
			defaultConfigurationName = Release;
		};
		A130AC222A790532002FC75D /* Build configuration list for PBXNativeTarget "Less" */ = {
			isa = XCConfigurationList;
			buildConfigurations = (
				A130AC232A790532002FC75D /* Debug */,
				A130AC242A790532002FC75D /* Release */,
			);
			defaultConfigurationIsVisible = 0;
			defaultConfigurationName = Release;
		};
/* End XCConfigurationList section */

/* Begin XCRemoteSwiftPackageReference section */
		A155EACD2A82163D00F4DD87 /* XCRemoteSwiftPackageReference "firebase-ios-sdk" */ = {
			isa = XCRemoteSwiftPackageReference;
			repositoryURL = "https://github.com/firebase/firebase-ios-sdk";
			requirement = {
				kind = upToNextMinorVersion;
				minimumVersion = 10.13.0;
			};
		};
/* End XCRemoteSwiftPackageReference section */

/* Begin XCSwiftPackageProductDependency section */
		A155EADA2A82163D00F4DD87 /* FirebaseAuth */ = {
			isa = XCSwiftPackageProductDependency;
			package = A155EACD2A82163D00F4DD87 /* XCRemoteSwiftPackageReference "firebase-ios-sdk" */;
			productName = FirebaseAuth;
		};
		A1C82EC42A8216CB00701E4B /* FirebaseFirestoreSwift */ = {
			isa = XCSwiftPackageProductDependency;
			package = A155EACD2A82163D00F4DD87 /* XCRemoteSwiftPackageReference "firebase-ios-sdk" */;
			productName = FirebaseFirestoreSwift;
		};
/* End XCSwiftPackageProductDependency section */
	};
	rootObject = A130AC0C2A790530002FC75D /* Project object */;
}
